
Microsoft Visual Studio Solution File, Format Version 12.00
Project("{FAE04EC0-301F-11D3-BF4B-00C04F79EFBC}") = "OpenAuth.Api", "src\OpenAuth.Api\OpenAuth.Api.csproj", "{9FEEAE9C-2013-40E4-A807-2C53B4C0D45B}"
EndProject
Project("{FAE04EC0-301F-11D3-BF4B-00C04F79EFBC}") = "OpenAuth.Domain", "src\OpenAuth.Domain\OpenAuth.Domain.csproj", "{4E9227EE-E8CC-42CC-B801-58627CB4BD31}"
EndProject
Project("{FAE04EC0-301F-11D3-BF4B-00C04F79EFBC}") = "OpenAuth.Infrastructure", "src\OpenAuth.Infrastructure\OpenAuth.Infrastructure.csproj", "{9C4B5D4C-C3B5-4F36-847C-B4809C005633}"
EndProject
Project("{FAE04EC0-301F-11D3-BF4B-00C04F79EFBC}") = "OpenAuth.Application", "src\OpenAuth.Application\OpenAuth.Application.csproj", "{9B382DBF-F8C1-40AB-9C0C-4FEEB8ED198D}"
EndProject
Project("{2150E333-8FDC-42A3-9474-1A3956D46DE8}") = "Tests", "Tests", "{F0ED80DE-4B27-447B-B0A5-4053B2C7BFAD}"
EndProject
Project("{FAE04EC0-301F-11D3-BF4B-00C04F79EFBC}") = "OpenAuth.Test.Common", "tests\OpenAuth.Test.Common\OpenAuth.Test.Common.csproj", "{74C0AA54-2106-4E03-98A9-BC318DD0D64A}"
EndProject
Project("{FAE04EC0-301F-11D3-BF4B-00C04F79EFBC}") = "OpenAuth.Test.Unit", "tests\OpenAuth.Test.Unit\OpenAuth.Test.Unit.csproj", "{A76FB974-5B0C-445F-BAD8-81A7195FDEAF}"
EndProject
Project("{FAE04EC0-301F-11D3-BF4B-00C04F79EFBC}") = "OpenAuth.Test.Integration", "tests\OpenAuth.Test.Integration\OpenAuth.Test.Integration.csproj", "{E98058C1-3005-4DD4-8A07-09D4A969F1F6}"
EndProject
Project("{FAE04EC0-301F-11D3-BF4B-00C04F79EFBC}") = "Notes", "demos\Notes\Notes.csproj", "{5BE15E76-64D1-460D-A419-BBF9D612D7A7}"
EndProject
Project("{2150E333-8FDC-42A3-9474-1A3956D46DE8}") = "Demos", "Demos", "{25EF17F7-8310-45EB-8A17-B29188611C7B}"
EndProject
Global
	GlobalSection(SolutionConfigurationPlatforms) = preSolution
		Debug|Any CPU = Debug|Any CPU
		Release|Any CPU = Release|Any CPU
	EndGlobalSection
	GlobalSection(ProjectConfigurationPlatforms) = postSolution
		{9FEEAE9C-2013-40E4-A807-2C53B4C0D45B}.Debug|Any CPU.ActiveCfg = Debug|Any CPU
		{9FEEAE9C-2013-40E4-A807-2C53B4C0D45B}.Debug|Any CPU.Build.0 = Debug|Any CPU
		{9FEEAE9C-2013-40E4-A807-2C53B4C0D45B}.Release|Any CPU.ActiveCfg = Release|Any CPU
		{9FEEAE9C-2013-40E4-A807-2C53B4C0D45B}.Release|Any CPU.Build.0 = Release|Any CPU
		{4E9227EE-E8CC-42CC-B801-58627CB4BD31}.Debug|Any CPU.ActiveCfg = Debug|Any CPU
		{4E9227EE-E8CC-42CC-B801-58627CB4BD31}.Debug|Any CPU.Build.0 = Debug|Any CPU
		{4E9227EE-E8CC-42CC-B801-58627CB4BD31}.Release|Any CPU.ActiveCfg = Release|Any CPU
		{4E9227EE-E8CC-42CC-B801-58627CB4BD31}.Release|Any CPU.Build.0 = Release|Any CPU
		{9C4B5D4C-C3B5-4F36-847C-B4809C005633}.Debug|Any CPU.ActiveCfg = Debug|Any CPU
		{9C4B5D4C-C3B5-4F36-847C-B4809C005633}.Debug|Any CPU.Build.0 = Debug|Any CPU
		{9C4B5D4C-C3B5-4F36-847C-B4809C005633}.Release|Any CPU.ActiveCfg = Release|Any CPU
		{9C4B5D4C-C3B5-4F36-847C-B4809C005633}.Release|Any CPU.Build.0 = Release|Any CPU
		{9B382DBF-F8C1-40AB-9C0C-4FEEB8ED198D}.Debug|Any CPU.ActiveCfg = Debug|Any CPU
		{9B382DBF-F8C1-40AB-9C0C-4FEEB8ED198D}.Debug|Any CPU.Build.0 = Debug|Any CPU
		{9B382DBF-F8C1-40AB-9C0C-4FEEB8ED198D}.Release|Any CPU.ActiveCfg = Release|Any CPU
		{9B382DBF-F8C1-40AB-9C0C-4FEEB8ED198D}.Release|Any CPU.Build.0 = Release|Any CPU
		{74C0AA54-2106-4E03-98A9-BC318DD0D64A}.Debug|Any CPU.ActiveCfg = Debug|Any CPU
		{74C0AA54-2106-4E03-98A9-BC318DD0D64A}.Debug|Any CPU.Build.0 = Debug|Any CPU
		{74C0AA54-2106-4E03-98A9-BC318DD0D64A}.Release|Any CPU.ActiveCfg = Release|Any CPU
		{74C0AA54-2106-4E03-98A9-BC318DD0D64A}.Release|Any CPU.Build.0 = Release|Any CPU
		{A76FB974-5B0C-445F-BAD8-81A7195FDEAF}.Debug|Any CPU.ActiveCfg = Debug|Any CPU
		{A76FB974-5B0C-445F-BAD8-81A7195FDEAF}.Debug|Any CPU.Build.0 = Debug|Any CPU
		{A76FB974-5B0C-445F-BAD8-81A7195FDEAF}.Release|Any CPU.ActiveCfg = Release|Any CPU
		{A76FB974-5B0C-445F-BAD8-81A7195FDEAF}.Release|Any CPU.Build.0 = Release|Any CPU
		{E98058C1-3005-4DD4-8A07-09D4A969F1F6}.Debug|Any CPU.ActiveCfg = Debug|Any CPU
		{E98058C1-3005-4DD4-8A07-09D4A969F1F6}.Debug|Any CPU.Build.0 = Debug|Any CPU
		{E98058C1-3005-4DD4-8A07-09D4A969F1F6}.Release|Any CPU.ActiveCfg = Release|Any CPU
		{E98058C1-3005-4DD4-8A07-09D4A969F1F6}.Release|Any CPU.Build.0 = Release|Any CPU
		{5BE15E76-64D1-460D-A419-BBF9D612D7A7}.Debug|Any CPU.ActiveCfg = Debug|Any CPU
		{5BE15E76-64D1-460D-A419-BBF9D612D7A7}.Debug|Any CPU.Build.0 = Debug|Any CPU
		{5BE15E76-64D1-460D-A419-BBF9D612D7A7}.Release|Any CPU.ActiveCfg = Release|Any CPU
		{5BE15E76-64D1-460D-A419-BBF9D612D7A7}.Release|Any CPU.Build.0 = Release|Any CPU
	EndGlobalSection
	GlobalSection(NestedProjects) = preSolution
		{74C0AA54-2106-4E03-98A9-BC318DD0D64A} = {F0ED80DE-4B27-447B-B0A5-4053B2C7BFAD}
		{A76FB974-5B0C-445F-BAD8-81A7195FDEAF} = {F0ED80DE-4B27-447B-B0A5-4053B2C7BFAD}
		{E98058C1-3005-4DD4-8A07-09D4A969F1F6} = {F0ED80DE-4B27-447B-B0A5-4053B2C7BFAD}
		{5BE15E76-64D1-460D-A419-BBF9D612D7A7} = {25EF17F7-8310-45EB-8A17-B29188611C7B}
	EndGlobalSection
EndGlobal
