
Microsoft Visual Studio Solution File, Format Version 12.00
Project("{FAE04EC0-301F-11D3-BF4B-00C04F79EFBC}") = "OpenAuth.Api", "OpenAuth.Api\OpenAuth.Api.csproj", "{9FEEAE9C-2013-40E4-A807-2C53B4C0D45B}"
EndProject
Project("{FAE04EC0-301F-11D3-BF4B-00C04F79EFBC}") = "OpenAuth.Domain", "OpenAuth.Domain\OpenAuth.Domain.csproj", "{4E9227EE-E8CC-42CC-B801-58627CB4BD31}"
EndProject
Project("{FAE04EC0-301F-11D3-BF4B-00C04F79EFBC}") = "OpenAuth.Domain.Tests", "OpenAuth.Domain.Tests\OpenAuth.Domain.Tests.csproj", "{A1EE61C6-5373-46A9-9E94-9C3597DC7118}"
EndProject
Project("{FAE04EC0-301F-11D3-BF4B-00C04F79EFBC}") = "OpenAuth.Infrastructure", "OpenAuth.Infrastructure\OpenAuth.Infrastructure.csproj", "{9C4B5D4C-C3B5-4F36-847C-B4809C005633}"
EndProject
Project("{FAE04EC0-301F-11D3-BF4B-00C04F79EFBC}") = "OpenAuth.Infrastructure.Tests", "OpenAuth.Infrastructure.Tests\OpenAuth.Infrastructure.Tests.csproj", "{FD1EF56E-8BE0-4B35-84C0-9941D117D30B}"
EndProject
Global
	GlobalSection(SolutionConfigurationPlatforms) = preSolution
		Debug|Any CPU = Debug|Any CPU
		Release|Any CPU = Release|Any CPU
	EndGlobalSection
	GlobalSection(ProjectConfigurationPlatforms) = postSolution
		{9FEEAE9C-2013-40E4-A807-2C53B4C0D45B}.Debug|Any CPU.ActiveCfg = Debug|Any CPU
		{9FEEAE9C-2013-40E4-A807-2C53B4C0D45B}.Debug|Any CPU.Build.0 = Debug|Any CPU
		{9FEEAE9C-2013-40E4-A807-2C53B4C0D45B}.Release|Any CPU.ActiveCfg = Release|Any CPU
		{9FEEAE9C-2013-40E4-A807-2C53B4C0D45B}.Release|Any CPU.Build.0 = Release|Any CPU
		{4E9227EE-E8CC-42CC-B801-58627CB4BD31}.Debug|Any CPU.ActiveCfg = Debug|Any CPU
		{4E9227EE-E8CC-42CC-B801-58627CB4BD31}.Debug|Any CPU.Build.0 = Debug|Any CPU
		{4E9227EE-E8CC-42CC-B801-58627CB4BD31}.Release|Any CPU.ActiveCfg = Release|Any CPU
		{4E9227EE-E8CC-42CC-B801-58627CB4BD31}.Release|Any CPU.Build.0 = Release|Any CPU
		{A1EE61C6-5373-46A9-9E94-9C3597DC7118}.Debug|Any CPU.ActiveCfg = Debug|Any CPU
		{A1EE61C6-5373-46A9-9E94-9C3597DC7118}.Debug|Any CPU.Build.0 = Debug|Any CPU
		{A1EE61C6-5373-46A9-9E94-9C3597DC7118}.Release|Any CPU.ActiveCfg = Release|Any CPU
		{A1EE61C6-5373-46A9-9E94-9C3597DC7118}.Release|Any CPU.Build.0 = Release|Any CPU
		{9C4B5D4C-C3B5-4F36-847C-B4809C005633}.Debug|Any CPU.ActiveCfg = Debug|Any CPU
		{9C4B5D4C-C3B5-4F36-847C-B4809C005633}.Debug|Any CPU.Build.0 = Debug|Any CPU
		{9C4B5D4C-C3B5-4F36-847C-B4809C005633}.Release|Any CPU.ActiveCfg = Release|Any CPU
		{9C4B5D4C-C3B5-4F36-847C-B4809C005633}.Release|Any CPU.Build.0 = Release|Any CPU
		{FD1EF56E-8BE0-4B35-84C0-9941D117D30B}.Debug|Any CPU.ActiveCfg = Debug|Any CPU
		{FD1EF56E-8BE0-4B35-84C0-9941D117D30B}.Debug|Any CPU.Build.0 = Debug|Any CPU
		{FD1EF56E-8BE0-4B35-84C0-9941D117D30B}.Release|Any CPU.ActiveCfg = Release|Any CPU
		{FD1EF56E-8BE0-4B35-84C0-9941D117D30B}.Release|Any CPU.Build.0 = Release|Any CPU
	EndGlobalSection
EndGlobal
