
Microsoft Visual Studio Solution File, Format Version 12.00
Project("{FAE04EC0-301F-11D3-BF4B-00C04F79EFBC}") = "Demo.Spa", "Demo.Spa\Demo.Spa.csproj", "{5BE15E76-64D1-460D-A419-BBF9D612D7A7}"
EndProject
Project("{FAE04EC0-301F-11D3-BF4B-00C04F79EFBC}") = "Demo.Api", "Demo.Api\Demo.Api.csproj", "{FB93D6EA-2092-4433-9E5A-B1B8295704DF}"
EndProject

Global
	GlobalSection(SolutionConfigurationPlatforms) = preSolution
		Debug|Any CPU = Debug|Any CPU
		Release|Any CPU = Release|Any CPU
	EndGlobalSection
	GlobalSection(ProjectConfigurationPlatforms) = postSolution
        {5BE15E76-64D1-460D-A419-BBF9D612D7A7}.Debug|Any CPU.ActiveCfg = Debug|Any CPU
        {5BE15E76-64D1-460D-A419-BBF9D612D7A7}.Debug|Any CPU.Build.0 = Debug|Any CPU
        {5BE15E76-64D1-460D-A419-BBF9D612D7A7}.Release|Any CPU.ActiveCfg = Release|Any CPU
        {5BE15E76-64D1-460D-A419-BBF9D612D7A7}.Release|Any CPU.Build.0 = Release|Any CPU
        {FB93D6EA-2092-4433-9E5A-B1B8295704DF}.Debug|Any CPU.ActiveCfg = Debug|Any CPU
        {FB93D6EA-2092-4433-9E5A-B1B8295704DF}.Debug|Any CPU.Build.0 = Debug|Any CPU
        {FB93D6EA-2092-4433-9E5A-B1B8295704DF}.Release|Any CPU.ActiveCfg = Release|Any CPU
        {FB93D6EA-2092-4433-9E5A-B1B8295704DF}.Release|Any CPU.Build.0 = Release|Any CPU
	EndGlobalSection
EndGlobal
